<?xml version="1.0" encoding="utf-8"?>
<Project ToolsVersion="4.0" xmlns="http://schemas.microsoft.com/developer/msbuild/2003">
  <ItemGroup>
    <Filter Include="Precompiled">
      <UniqueIdentifier>{b07bafa4-d21c-4674-8f50-96a0b05e15ec}</UniqueIdentifier>
    </Filter>
    <Filter Include="Core">
      <UniqueIdentifier>{7764ff83-1773-4a79-99a9-898ed2fe5e69}</UniqueIdentifier>
    </Filter>
    <Filter Include="Utils">
      <UniqueIdentifier>{5924a757-b55e-4923-9132-d2cb54cc1b6f}</UniqueIdentifier>
    </Filter>
    <Filter Include="Core\Component">
      <UniqueIdentifier>{989c31b3-455f-4cbc-9121-991d32f5fb8e}</UniqueIdentifier>
    </Filter>
    <Filter Include="Core\Scene">
      <UniqueIdentifier>{5c1ac5c8-b004-4355-a702-f4f95d434be5}</UniqueIdentifier>
    </Filter>
    <Filter Include="Components">
      <UniqueIdentifier>{837c7803-3428-49fd-9faf-7cf97dd82432}</UniqueIdentifier>
    </Filter>
    <Filter Include="Game Objects">
      <UniqueIdentifier>{c02803fd-e7f3-41bf-8998-569b38d1eeed}</UniqueIdentifier>
    </Filter>
    <Filter Include="Utils\Math">
      <UniqueIdentifier>{f232bb47-0b66-4bc2-aac0-12a1314c5724}</UniqueIdentifier>
    </Filter>
    <Filter Include="Core\Debug">
      <UniqueIdentifier>{5265d12a-2dd2-4501-96ad-de389c8167a0}</UniqueIdentifier>
    </Filter>
    <Filter Include="Components\Animation">
      <UniqueIdentifier>{9aa78b19-76b7-4dc4-af82-6c21b0a7a03f}</UniqueIdentifier>
    </Filter>
    <Filter Include="Game Objects\Platforms">
      <UniqueIdentifier>{1f3f5638-6de1-4c16-b51c-6a68de44fd9d}</UniqueIdentifier>
    </Filter>
    <Filter Include="Game Objects\Collectibles">
      <UniqueIdentifier>{16440345-a01a-4c7e-bc7e-6598b66bea8c}</UniqueIdentifier>
    </Filter>
    <Filter Include="Game Objects\Player">
      <UniqueIdentifier>{a63a465f-ee69-4ce1-9363-0feb06d15477}</UniqueIdentifier>
    </Filter>
    <Filter Include="Factories">
      <UniqueIdentifier>{c0d9319b-1946-4f61-a32a-8e60fc15a157}</UniqueIdentifier>
    </Filter>
    <Filter Include="Game Objects\Collectibles">
      <UniqueIdentifier>{16440345-a01a-4c7e-bc7e-6598b66bea8c}</UniqueIdentifier>
    </Filter>
    <Filter Include="Game Objects\Player">
      <UniqueIdentifier>{a63a465f-ee69-4ce1-9363-0feb06d15477}</UniqueIdentifier>
    </Filter>
    <Filter Include="Factories">
      <UniqueIdentifier>{c0d9319b-1946-4f61-a32a-8e60fc15a157}</UniqueIdentifier>
    </Filter>
    <Filter Include="Game Objects\Enemy">
      <UniqueIdentifier>{0ac25968-84f0-46c9-92de-0ed27d04be1d}</UniqueIdentifier>
    </Filter>
    <Filter Include="Managers">
      <UniqueIdentifier>{506ab144-1063-49d7-9094-1ce367a21600}</UniqueIdentifier>
    </Filter>
    <Filter Include="Scenes">
      <UniqueIdentifier>{bbe69fe7-de48-45c2-b985-f537615c48ad}</UniqueIdentifier>
    </Filter>
    <Filter Include="Game Objects\Powerups">
      <UniqueIdentifier>{ce4035b9-f661-4369-8300-3bf677e44c45}</UniqueIdentifier>
    </Filter>
    <Filter Include="Game Objects\Tiles">
      <UniqueIdentifier>{d9d59f8e-2433-410c-8744-28f8da6c7efa}</UniqueIdentifier>
    </Filter>
    <Filter Include="UI">
      <UniqueIdentifier>{785f9dff-b981-4c0d-abad-57941df9cd75}</UniqueIdentifier>
    </Filter>
    <Filter Include="UI\Menu">
      <UniqueIdentifier>{c592c9eb-afc2-4ba2-a558-e69f4598f1b6}</UniqueIdentifier>
    </Filter>
    <Filter Include="Core\Audio">
      <UniqueIdentifier>{be1810a8-6ecd-4e74-a621-69dd6ff48cc2}</UniqueIdentifier>
    </Filter>
    <Filter Include="Core\PostMaster">
      <UniqueIdentifier>{d5fb8d88-d3ed-4c95-8480-3cecd1eb7809}</UniqueIdentifier>
    </Filter>
    <Filter Include="Scenes\MainMenu">
      <UniqueIdentifier>{7230b32b-bcaf-4aa9-9cb4-5db6438fba2e}</UniqueIdentifier>
    </Filter>
    <Filter Include="Scenes\MainMenu\Submenus">
      <UniqueIdentifier>{b1086777-92b6-46dc-96ee-512f47c33f79}</UniqueIdentifier>
    </Filter>
    <Filter Include="Game Objects\Particles">
      <UniqueIdentifier>{bba6ec4d-3472-4005-8061-5a196c65ffe9}</UniqueIdentifier>
    </Filter>
  </ItemGroup>
  <ItemGroup>
    <ClInclude Include="stdafx.h">
      <Filter>Precompiled</Filter>
    </ClInclude>
    <ClInclude Include="targetver.h">
      <Filter>Precompiled</Filter>
    </ClInclude>
    <ClInclude Include="resource.h">
      <Filter>Precompiled</Filter>
    </ClInclude>
    <ClInclude Include="GameWorld.h">
      <Filter>Core</Filter>
    </ClInclude>
    <ClInclude Include="Game.h">
      <Filter>Core</Filter>
    </ClInclude>
    <ClInclude Include="Keys.h">
      <Filter>Utils</Filter>
    </ClInclude>
    <ClInclude Include="Component.hpp">
      <Filter>Core\Component</Filter>
    </ClInclude>
    <ClInclude Include="Transform.hpp">
      <Filter>Core\Component</Filter>
    </ClInclude>
    <ClInclude Include="Camera.h">
      <Filter>Core\Scene</Filter>
    </ClInclude>
    <ClInclude Include="Scene.h">
      <Filter>Core\Scene</Filter>
    </ClInclude>
    <ClInclude Include="GameObject.h">
      <Filter>Core</Filter>
    </ClInclude>
    <ClInclude Include="PhysicsManager.h">
      <Filter>Core\Scene</Filter>
    </ClInclude>
    <ClInclude Include="ColliderComponent.h">
      <Filter>Components</Filter>
    </ClInclude>
    <ClInclude Include="PhysicsComponent.h">
      <Filter>Components</Filter>
    </ClInclude>
    <ClInclude Include="SpritebatchComponent.h">
      <Filter>Components</Filter>
    </ClInclude>
    <ClInclude Include="SpriteComponent.h">
      <Filter>Components</Filter>
    </ClInclude>
    <ClInclude Include="Utilities.h">
      <Filter>Utils</Filter>
    </ClInclude>
    <ClInclude Include="Vector4.hpp">
      <Filter>Utils\Math</Filter>
    </ClInclude>
    <ClInclude Include="Vector2.hpp">
      <Filter>Utils\Math</Filter>
    </ClInclude>
    <ClInclude Include="Debugger.h">
      <Filter>Core\Debug</Filter>
    </ClInclude>
    <ClInclude Include="Animation.hpp">
      <Filter>Components\Animation</Filter>
    </ClInclude>
    <ClInclude Include="AnimationComponent.hpp">
      <Filter>Components\Animation</Filter>
    </ClInclude>
    <ClInclude Include="Controller.h">
      <Filter>Core</Filter>
    </ClInclude>
    <ClInclude Include="InputWrapper.h">
      <Filter>Core</Filter>
    </ClInclude>
    <ClInclude Include="Platform.h">
      <Filter>Game Objects\Platforms</Filter>
    </ClInclude>
    <ClInclude Include="Ledge.h">
      <Filter>Game Objects\Platforms</Filter>
    </ClInclude>
    <ClInclude Include="MovingPlatform.hpp">
      <Filter>Game Objects\Platforms</Filter>
    </ClInclude>
    <ClInclude Include="UnstablePlatform.hpp">
      <Filter>Game Objects\Platforms</Filter>
    </ClInclude>
    <ClInclude Include="DestructiblePlatform.hpp">
      <Filter>Game Objects\Platforms</Filter>
    </ClInclude>
    <ClInclude Include="BashAbility.h">
      <Filter>Game Objects\Player</Filter>
    </ClInclude>
    <ClInclude Include="Player.hpp">
      <Filter>Game Objects\Player</Filter>
    </ClInclude>
    <ClInclude Include="Collectible.hpp">
      <Filter>Game Objects\Collectibles</Filter>
    </ClInclude>
    <ClInclude Include="PlatformFactory.hpp">
      <Filter>Factories</Filter>
    </ClInclude>
    <ClInclude Include="DeadlyPlatform.hpp">
      <Filter>Game Objects\Platforms</Filter>
    </ClInclude>
    <ClInclude Include="PlatformFactory.hpp">
      <Filter>Factories</Filter>
    </ClInclude>
    <ClInclude Include="BashAbility.h">
      <Filter>Game Objects\Player</Filter>
    </ClInclude>
    <ClInclude Include="Player.hpp">
      <Filter>Game Objects\Player</Filter>
    </ClInclude>
    <ClInclude Include="Collectible.hpp">
      <Filter>Game Objects\Collectibles</Filter>
    </ClInclude>
    <ClInclude Include="PlatformFactory.hpp">
      <Filter>Factories</Filter>
    </ClInclude>
    <ClInclude Include="Background.h">
      <Filter>Core</Filter>
    </ClInclude>
    <ClInclude Include="BashComponent.hpp">
      <Filter>Components</Filter>
    </ClInclude>
    <ClInclude Include="BashableObject.hpp">
      <Filter>Game Objects</Filter>
    </ClInclude>
    <ClInclude Include="BashableObjectFactory.hpp">
      <Filter>Factories</Filter>
    </ClInclude>
    <ClInclude Include="Enemy.h">
      <Filter>Game Objects\Enemy</Filter>
    </ClInclude>
    <ClInclude Include="EnemyFactory.h">
      <Filter>Factories</Filter>
    </ClInclude>
    <ClInclude Include="Button.h">
      <Filter>Game Objects</Filter>
    </ClInclude>
    <ClInclude Include="SpringObject.h">
      <Filter>Game Objects</Filter>
    </ClInclude>
    <ClInclude Include="Bonfire.hpp">
      <Filter>Game Objects</Filter>
    </ClInclude>
    <ClInclude Include="WaypointComponent.hpp">
      <Filter>Components</Filter>
    </ClInclude>
    <ClInclude Include="HiddenArea.hpp">
      <Filter>Game Objects</Filter>
    </ClInclude>
    <ClInclude Include="LevelManager.hpp">
      <Filter>Managers</Filter>
    </ClInclude>
    <ClInclude Include="LevelScene.h">
      <Filter>Scenes</Filter>
    </ClInclude>
    <ClInclude Include="AudioComponent.h">
      <Filter>Components</Filter>
    </ClInclude>
    <ClInclude Include="Jesus.hpp" />
    <ClInclude Include="IntroLogosScene.h">
      <Filter>Scenes</Filter>
    </ClInclude>
    <ClInclude Include="LevelDoor.hpp">
      <Filter>Game Objects</Filter>
    </ClInclude>
    <ClInclude Include="Glide.hpp">
      <Filter>Game Objects\Powerups</Filter>
    </ClInclude>
    <ClInclude Include="Door.h">
      <Filter>Game Objects</Filter>
    </ClInclude>
    <ClInclude Include="TextComponent.h">
      <Filter>Components</Filter>
    </ClInclude>
    <ClInclude Include="DataManager.h">
      <Filter>Managers</Filter>
    </ClInclude>
    <ClInclude Include="TiledLoader.h">
      <Filter>Game Objects\Tiles</Filter>
    </ClInclude>
    <ClInclude Include="TileSetLayer.hpp">
      <Filter>Game Objects\Tiles</Filter>
    </ClInclude>
    <ClInclude Include="TileSetLayerProperties.hpp">
      <Filter>Game Objects\Tiles</Filter>
    </ClInclude>
    <ClInclude Include="EnemyProjectile.h">
      <Filter>Game Objects\Enemy</Filter>
    </ClInclude>
    <ClInclude Include="UIText.h">
      <Filter>UI</Filter>
    </ClInclude>
    <ClInclude Include="UIManager.h">
      <Filter>UI</Filter>
    </ClInclude>
    <ClInclude Include="UIObject.h">
      <Filter>UI</Filter>
    </ClInclude>
    <ClInclude Include="UIButton.h">
      <Filter>UI</Filter>
    </ClInclude>
    <ClInclude Include="PauseMenu.h">
      <Filter>UI\Menu</Filter>
    </ClInclude>
    <ClInclude Include="Random.hpp">
      <Filter>Utils\Math</Filter>
    </ClInclude>
    <ClInclude Include="CutsceneManager.h">
      <Filter>Managers</Filter>
    </ClInclude>
    <ClInclude Include="AudioClip.h">
      <Filter>Core\Audio</Filter>
    </ClInclude>
    <ClInclude Include="AudioManager.h">
      <Filter>Core\Audio</Filter>
    </ClInclude>
    <ClInclude Include="AudioLibrary.h">
      <Filter>Core\Audio</Filter>
    </ClInclude>
    <ClInclude Include="Message.hpp">
      <Filter>Core\PostMaster</Filter>
    </ClInclude>
    <ClInclude Include="MessageTypes.hpp">
      <Filter>Core\PostMaster</Filter>
    </ClInclude>
    <ClInclude Include="PostMaster.hpp">
      <Filter>Core\PostMaster</Filter>
    </ClInclude>
    <ClInclude Include="Subscriber.hpp">
      <Filter>Core\PostMaster</Filter>
    </ClInclude>
    <ClInclude Include="EFontsSizes.hpp">
      <Filter>UI</Filter>
    </ClInclude>
    <ClInclude Include="AudioObject.h">
      <Filter>Core\Audio</Filter>
    </ClInclude>
    <ClInclude Include="CameraStaticDistance.hpp">
      <Filter>Game Objects</Filter>
    </ClInclude>
    <ClInclude Include="LevelSelect.hpp">
      <Filter>Scenes\MainMenu\Submenus</Filter>
    </ClInclude>
    <ClInclude Include="MainMenuScene.h">
      <Filter>Scenes\MainMenu</Filter>
    </ClInclude>
    <ClInclude Include="WinScene.hpp">
      <Filter>Scenes</Filter>
    </ClInclude>
    <ClInclude Include="SpeedrunScene.h">
      <Filter>Scenes\MainMenu\Submenus</Filter>
    </ClInclude>
    <ClInclude Include="OptionsMenu.h">
      <Filter>Scenes\MainMenu\Submenus</Filter>
    </ClInclude>
    <ClInclude Include="SpeedrunManager.h">
      <Filter>Managers</Filter>
    </ClInclude>
    <ClInclude Include="TutorialMenu.h" />
    <ClInclude Include="Timer.h">
      <Filter>Game Objects</Filter>
    </ClInclude>
    <ClInclude Include="ParticleStats.hpp">
      <Filter>Game Objects\Particles</Filter>
    </ClInclude>
    <ClInclude Include="ParticleEffect.h">
      <Filter>Game Objects\Particles</Filter>
    </ClInclude>
    <ClInclude Include="ParticleEffectFactory.h">
      <Filter>Game Objects\Particles</Filter>
    </ClInclude>
    <ClInclude Include="ParticleEffectTypes.hpp">
      <Filter>Game Objects\Particles</Filter>
    </ClInclude>
    <ClInclude Include="EffectSprite.h">
      <Filter>Game Objects\Particles</Filter>
    </ClInclude>
    <ClInclude Include="UIPopUp.h" />
  </ItemGroup>
  <ItemGroup>
    <ClCompile Include="stdafx.cpp">
      <Filter>Precompiled</Filter>
    </ClCompile>
    <ClCompile Include="Game.cpp">
      <Filter>Core</Filter>
    </ClCompile>
    <ClCompile Include="GameWorld.cpp">
      <Filter>Core</Filter>
    </ClCompile>
    <ClCompile Include="Camera.cpp">
      <Filter>Core\Scene</Filter>
    </ClCompile>
    <ClCompile Include="Scene.cpp">
      <Filter>Core\Scene</Filter>
    </ClCompile>
    <ClCompile Include="GameObject.cpp">
      <Filter>Core</Filter>
    </ClCompile>
    <ClCompile Include="PhysicsManager.cpp">
      <Filter>Core\Scene</Filter>
    </ClCompile>
    <ClCompile Include="ColliderComponent.cpp">
      <Filter>Components</Filter>
    </ClCompile>
    <ClCompile Include="PhysicsComponent.cpp">
      <Filter>Components</Filter>
    </ClCompile>
    <ClCompile Include="SpritebatchComponent.cpp">
      <Filter>Components</Filter>
    </ClCompile>
    <ClCompile Include="SpriteComponent.cpp">
      <Filter>Components</Filter>
    </ClCompile>
    <ClCompile Include="Utilities.cpp">
      <Filter>Utils</Filter>
    </ClCompile>
    <ClCompile Include="Debugger.cpp">
      <Filter>Core\Debug</Filter>
    </ClCompile>
    <ClCompile Include="Animation.cpp">
      <Filter>Components\Animation</Filter>
    </ClCompile>
    <ClCompile Include="AnimationComponent.cpp">
      <Filter>Components\Animation</Filter>
    </ClCompile>
    <ClCompile Include="Controller.cpp">
      <Filter>Core</Filter>
    </ClCompile>
    <ClCompile Include="InputWrapper.cpp">
      <Filter>Core</Filter>
    </ClCompile>
    <ClCompile Include="Platform.cpp">
      <Filter>Game Objects\Platforms</Filter>
    </ClCompile>
    <ClCompile Include="Ledge.cpp">
      <Filter>Game Objects\Platforms</Filter>
    </ClCompile>
    <ClCompile Include="MovingPlatform.cpp">
      <Filter>Game Objects\Platforms</Filter>
    </ClCompile>
    <ClCompile Include="UnstablePlatform.cpp">
      <Filter>Game Objects\Platforms</Filter>
    </ClCompile>
    <ClCompile Include="DestructiblePlatform.cpp">
      <Filter>Game Objects\Platforms</Filter>
    </ClCompile>
    <ClCompile Include="BashAbility.cpp">
      <Filter>Game Objects\Player</Filter>
    </ClCompile>
    <ClCompile Include="Player.cpp">
      <Filter>Game Objects\Player</Filter>
    </ClCompile>
    <ClCompile Include="Collectible.cpp">
      <Filter>Game Objects\Collectibles</Filter>
    </ClCompile>
    <ClCompile Include="PlatformFactory.cpp">
      <Filter>Factories</Filter>
    </ClCompile>
    <ClCompile Include="DeadlyPlatform.cpp">
      <Filter>Game Objects\Platforms</Filter>
    </ClCompile>
    <ClCompile Include="PlatformFactory.cpp">
      <Filter>Factories</Filter>
    </ClCompile>
    <ClCompile Include="BashAbility.cpp">
      <Filter>Game Objects\Player</Filter>
    </ClCompile>
    <ClCompile Include="Player.cpp">
      <Filter>Game Objects\Player</Filter>
    </ClCompile>
    <ClCompile Include="Collectible.cpp">
      <Filter>Game Objects\Collectibles</Filter>
    </ClCompile>
    <ClCompile Include="PlatformFactory.cpp">
      <Filter>Factories</Filter>
    </ClCompile>
    <ClCompile Include="Background.cpp">
      <Filter>Core</Filter>
    </ClCompile>
    <ClCompile Include="BashComponent.cpp">
      <Filter>Components</Filter>
    </ClCompile>
    <ClCompile Include="BashableObject.cpp">
      <Filter>Game Objects</Filter>
    </ClCompile>
    <ClCompile Include="BashableObjectFactory.cpp">
      <Filter>Factories</Filter>
    </ClCompile>
    <ClCompile Include="Enemy.cpp">
      <Filter>Game Objects\Enemy</Filter>
    </ClCompile>
    <ClCompile Include="EnemyFactory.cpp">
      <Filter>Factories</Filter>
    </ClCompile>
    <ClCompile Include="Button.cpp">
      <Filter>Game Objects</Filter>
    </ClCompile>
    <ClCompile Include="SpringObject.cpp">
      <Filter>Game Objects</Filter>
    </ClCompile>
    <ClCompile Include="Bonfire.cpp">
      <Filter>Game Objects</Filter>
    </ClCompile>
    <ClCompile Include="WaypointComponent.cpp">
      <Filter>Components</Filter>
    </ClCompile>
    <ClCompile Include="HiddenArea.cpp">
      <Filter>Game Objects</Filter>
    </ClCompile>
    <ClCompile Include="LevelManager.cpp">
      <Filter>Managers</Filter>
    </ClCompile>
    <ClCompile Include="LevelScene.cpp">
      <Filter>Scenes</Filter>
    </ClCompile>
    <ClCompile Include="AudioComponent.cpp">
      <Filter>Components</Filter>
    </ClCompile>
    <ClCompile Include="Jesus.cpp" />
    <ClCompile Include="LevelDoor.cpp">
      <Filter>Game Objects</Filter>
    </ClCompile>
    <ClCompile Include="IntroLogosScene.cpp">
      <Filter>Scenes</Filter>
    </ClCompile>
    <ClCompile Include="Glide.cpp">
      <Filter>Game Objects\Powerups</Filter>
    </ClCompile>
    <ClCompile Include="Door.cpp">
      <Filter>Game Objects</Filter>
    </ClCompile>
    <ClCompile Include="TextComponent.cpp">
      <Filter>Components</Filter>
    </ClCompile>
    <ClCompile Include="DataManager.cpp">
      <Filter>Managers</Filter>
    </ClCompile>
    <ClCompile Include="TiledLoader.cpp">
      <Filter>Game Objects\Tiles</Filter>
    </ClCompile>
    <ClCompile Include="TileSetLayer.cpp">
      <Filter>Game Objects\Tiles</Filter>
    </ClCompile>
    <ClCompile Include="TileSetLayerProperties.cpp">
      <Filter>Game Objects\Tiles</Filter>
    </ClCompile>
    <ClCompile Include="EnemyProjectile.cpp">
      <Filter>Game Objects\Enemy</Filter>
    </ClCompile>
    <ClCompile Include="UIManager.cpp">
      <Filter>UI</Filter>
    </ClCompile>
    <ClCompile Include="UIObject.cpp">
      <Filter>UI</Filter>
    </ClCompile>
    <ClCompile Include="UIText.cpp">
      <Filter>UI</Filter>
    </ClCompile>
    <ClCompile Include="UIButton.cpp">
      <Filter>UI</Filter>
    </ClCompile>
    <ClCompile Include="PauseMenu.cpp">
      <Filter>UI\Menu</Filter>
    </ClCompile>
    <ClCompile Include="Random.cpp">
      <Filter>Utils\Math</Filter>
    </ClCompile>
    <ClCompile Include="CutsceneManager.cpp">
      <Filter>Managers</Filter>
    </ClCompile>
    <ClCompile Include="AudioClip.cpp">
      <Filter>Core\Audio</Filter>
    </ClCompile>
    <ClCompile Include="AudioManager.cpp">
      <Filter>Core\Audio</Filter>
    </ClCompile>
    <ClCompile Include="AudioLibrary.cpp">
      <Filter>Core\Audio</Filter>
    </ClCompile>
    <ClCompile Include="PostMaster.cpp">
      <Filter>Core\PostMaster</Filter>
    </ClCompile>
    <ClCompile Include="Subscriber.cpp">
      <Filter>Core\PostMaster</Filter>
    </ClCompile>
    <ClCompile Include="AudioObject.cpp">
      <Filter>Core\Audio</Filter>
    </ClCompile>
    <ClCompile Include="LevelSelect.cpp">
      <Filter>Scenes\MainMenu\Submenus</Filter>
    </ClCompile>
    <ClCompile Include="MainMenuScene.cpp">
      <Filter>Scenes\MainMenu</Filter>
    </ClCompile>
    <ClCompile Include="WinScene.cpp">
      <Filter>Scenes</Filter>
    </ClCompile>
    <ClCompile Include="SpeedrunScene.cpp">
      <Filter>Scenes\MainMenu\Submenus</Filter>
    </ClCompile>
    <ClCompile Include="OptionsMenu.cpp">
      <Filter>Scenes\MainMenu\Submenus</Filter>
    </ClCompile>
    <ClCompile Include="SpeedrunManager.cpp">
      <Filter>Managers</Filter>
    </ClCompile>
    <ClCompile Include="TutorialMenu.cpp" />
    <ClCompile Include="Timer.cpp">
      <Filter>Game Objects</Filter>
    </ClCompile>
    <ClCompile Include="ParticleEffect.cpp">
      <Filter>Game Objects\Particles</Filter>
    </ClCompile>
    <ClCompile Include="ParticleEffectFactory.cpp">
      <Filter>Game Objects\Particles</Filter>
    </ClCompile>
    <ClCompile Include="EffectSprite.cpp">
      <Filter>Game Objects\Particles</Filter>
    </ClCompile>
    <ClCompile Include="UIPopUp.cpp" />
  </ItemGroup>
</Project>